// !$*UTF8*$!
{
	archiveVersion = 1;
	classes = {
	};
	objectVersion = 46;
	objects = {

/* Begin PBXBuildFile section */
		8300CFFE19280D280088AAC1 /* main.cpp in Sources */ = {isa = PBXBuildFile; fileRef = 8300CFFD19280D280088AAC1 /* main.cpp */; };
		8300D00019280D280088AAC1 /* amqp_poc.1 in CopyFiles */ = {isa = PBXBuildFile; fileRef = 8300CFFF19280D280088AAC1 /* amqp_poc.1 */; };
		83A27D121928307B0056F5E5 /* AmqpWrapper.cpp in Sources */ = {isa = PBXBuildFile; fileRef = 83A27D101928307B0056F5E5 /* AmqpWrapper.cpp */; };
/* End PBXBuildFile section */

/* Begin PBXCopyFilesBuildPhase section */
		8300CFF819280D280088AAC1 /* CopyFiles */ = {
			isa = PBXCopyFilesBuildPhase;
			buildActionMask = 12;
			dstPath = "";
			dstSubfolderSpec = 10;
			files = (
				8300D00019280D280088AAC1 /* amqp_poc.1 in CopyFiles */,
			);
			runOnlyForDeploymentPostprocessing = 0;
		};
/* End PBXCopyFilesBuildPhase section */

/* Begin PBXFileReference section */
		8300CFFA19280D280088AAC1 /* amqp.poc */ = {isa = PBXFileReference; explicitFileType = "compiled.mach-o.executable"; includeInIndex = 0; path = amqp.poc; sourceTree = BUILT_PRODUCTS_DIR; };
		8300CFFD19280D280088AAC1 /* main.cpp */ = {isa = PBXFileReference; lastKnownFileType = sourcecode.cpp.cpp; path = main.cpp; sourceTree = "<group>"; };
		8300CFFF19280D280088AAC1 /* amqp_poc.1 */ = {isa = PBXFileReference; lastKnownFileType = text.man; path = amqp_poc.1; sourceTree = "<group>"; };
		831565871928434300897AB3 /* libqpid-proton.dylib */ = {isa = PBXFileReference; lastKnownFileType = "compiled.mach-o.dylib"; name = "libqpid-proton.dylib"; path = "../../../../../usr/lib64/libqpid-proton.dylib"; sourceTree = "<group>"; };
		831565891928434700897AB3 /* libqpid-proton.2.dylib */ = {isa = PBXFileReference; lastKnownFileType = "compiled.mach-o.dylib"; name = "libqpid-proton.2.dylib"; path = "../../../../../usr/lib64/libqpid-proton.2.dylib"; sourceTree = "<group>"; };
		8315658B1928434900897AB3 /* libqpid-proton.2.0.0.dylib */ = {isa = PBXFileReference; lastKnownFileType = "compiled.mach-o.dylib"; name = "libqpid-proton.2.0.0.dylib"; path = "../../../../../usr/lib64/libqpid-proton.2.0.0.dylib"; sourceTree = "<group>"; };
		83A27D101928307B0056F5E5 /* AmqpWrapper.cpp */ = {isa = PBXFileReference; fileEncoding = 4; lastKnownFileType = sourcecode.cpp.cpp; path = AmqpWrapper.cpp; sourceTree = "<group>"; };
		83A27D111928307B0056F5E5 /* AmqpWrapper.h */ = {isa = PBXFileReference; fileEncoding = 4; lastKnownFileType = sourcecode.c.h; path = AmqpWrapper.h; sourceTree = "<group>"; };
/* End PBXFileReference section */

/* Begin PBXFrameworksBuildPhase section */
		8300CFF719280D280088AAC1 /* Frameworks */ = {
			isa = PBXFrameworksBuildPhase;
			buildActionMask = 2147483647;
			files = (
			);
			runOnlyForDeploymentPostprocessing = 0;
		};
/* End PBXFrameworksBuildPhase section */

/* Begin PBXGroup section */
		8300CFF119280D280088AAC1 = {
			isa = PBXGroup;
			children = (
				8315658B1928434900897AB3 /* libqpid-proton.2.0.0.dylib */,
				831565891928434700897AB3 /* libqpid-proton.2.dylib */,
				831565871928434300897AB3 /* libqpid-proton.dylib */,
				8300CFFC19280D280088AAC1 /* amqp.poc */,
				8300CFFB19280D280088AAC1 /* Products */,
			);
			sourceTree = "<group>";
		};
		8300CFFB19280D280088AAC1 /* Products */ = {
			isa = PBXGroup;
			children = (
				8300CFFA19280D280088AAC1 /* amqp.poc */,
			);
			name = Products;
			sourceTree = "<group>";
		};
		8300CFFC19280D280088AAC1 /* amqp.poc */ = {
			isa = PBXGroup;
			children = (
				8300CFFD19280D280088AAC1 /* main.cpp */,
				8300CFFF19280D280088AAC1 /* amqp_poc.1 */,
				83A27D101928307B0056F5E5 /* AmqpWrapper.cpp */,
				83A27D111928307B0056F5E5 /* AmqpWrapper.h */,
			);
			path = amqp.poc;
			sourceTree = "<group>";
		};
/* End PBXGroup section */

/* Begin PBXNativeTarget section */
		8300CFF919280D280088AAC1 /* amqp.poc */ = {
			isa = PBXNativeTarget;
			buildConfigurationList = 8300D00319280D280088AAC1 /* Build configuration list for PBXNativeTarget "amqp.poc" */;
			buildPhases = (
				8300CFF619280D280088AAC1 /* Sources */,
				8300CFF719280D280088AAC1 /* Frameworks */,
				8300CFF819280D280088AAC1 /* CopyFiles */,
			);
			buildRules = (
			);
			dependencies = (
			);
			name = amqp.poc;
			productName = amqp.poc;
			productReference = 8300CFFA19280D280088AAC1 /* amqp.poc */;
			productType = "com.apple.product-type.tool";
		};
/* End PBXNativeTarget section */

/* Begin PBXProject section */
		8300CFF219280D280088AAC1 /* Project object */ = {
			isa = PBXProject;
			attributes = {
				LastUpgradeCheck = 0510;
			};
			buildConfigurationList = 8300CFF519280D280088AAC1 /* Build configuration list for PBXProject "amqp.poc" */;
			compatibilityVersion = "Xcode 3.2";
			developmentRegion = English;
			hasScannedForEncodings = 0;
			knownRegions = (
				en,
			);
			mainGroup = 8300CFF119280D280088AAC1;
			productRefGroup = 8300CFFB19280D280088AAC1 /* Products */;
			projectDirPath = "";
			projectRoot = "";
			targets = (
				8300CFF919280D280088AAC1 /* amqp.poc */,
			);
		};
/* End PBXProject section */

/* Begin PBXSourcesBuildPhase section */
		8300CFF619280D280088AAC1 /* Sources */ = {
			isa = PBXSourcesBuildPhase;
			buildActionMask = 2147483647;
			files = (
				83A27D121928307B0056F5E5 /* AmqpWrapper.cpp in Sources */,
				8300CFFE19280D280088AAC1 /* main.cpp in Sources */,
			);
			runOnlyForDeploymentPostprocessing = 0;
		};
/* End PBXSourcesBuildPhase section */

/* Begin XCBuildConfiguration section */
		8300D00119280D280088AAC1 /* Debug */ = {
			isa = XCBuildConfiguration;
			buildSettings = {
				ALWAYS_SEARCH_USER_PATHS = YES;
				CLANG_CXX_LANGUAGE_STANDARD = "gnu++0x";
				CLANG_CXX_LIBRARY = "libc++";
				CLANG_ENABLE_MODULES = YES;
				CLANG_ENABLE_OBJC_ARC = YES;
				CLANG_WARN_BOOL_CONVERSION = YES;
				CLANG_WARN_CONSTANT_CONVERSION = YES;
				CLANG_WARN_DIRECT_OBJC_ISA_USAGE = YES_ERROR;
				CLANG_WARN_EMPTY_BODY = YES;
				CLANG_WARN_ENUM_CONVERSION = YES;
				CLANG_WARN_INT_CONVERSION = YES;
				CLANG_WARN_OBJC_ROOT_CLASS = YES_ERROR;
				CLANG_WARN__DUPLICATE_METHOD_MATCH = YES;
				COPY_PHASE_STRIP = NO;
				GCC_C_LANGUAGE_STANDARD = gnu99;
				GCC_DYNAMIC_NO_PIC = NO;
				GCC_ENABLE_OBJC_EXCEPTIONS = YES;
				GCC_OPTIMIZATION_LEVEL = 0;
				GCC_PREPROCESSOR_DEFINITIONS = (
					"DEBUG=1",
					"$(inherited)",
				);
				GCC_SYMBOLS_PRIVATE_EXTERN = NO;
				GCC_WARN_64_TO_32_BIT_CONVERSION = YES;
				GCC_WARN_ABOUT_RETURN_TYPE = YES_ERROR;
				GCC_WARN_UNDECLARED_SELECTOR = YES;
				GCC_WARN_UNINITIALIZED_AUTOS = YES_AGGRESSIVE;
				GCC_WARN_UNUSED_FUNCTION = YES;
				GCC_WARN_UNUSED_VARIABLE = YES;
				LIBRARY_SEARCH_PATHS = (
					/usr/local/lib,
					/usr/lib64/,
				);
				MACOSX_DEPLOYMENT_TARGET = 10.9;
				ONLY_ACTIVE_ARCH = YES;
				OTHER_CPLUSPLUSFLAGS = (
					"$(OTHER_CFLAGS)",
					"-I/usr/include",
				);
				OTHER_LDFLAGS = "";
				SDKROOT = macosx;
				VALID_ARCHS = x86_64;
			};
			name = Debug;
		};
		8300D00219280D280088AAC1 /* Release */ = {
			isa = XCBuildConfiguration;
			buildSettings = {
				ALWAYS_SEARCH_USER_PATHS = YES;
				CLANG_CXX_LANGUAGE_STANDARD = "gnu++0x";
				CLANG_CXX_LIBRARY = "libc++";
				CLANG_ENABLE_MODULES = YES;
				CLANG_ENABLE_OBJC_ARC = YES;
				CLANG_WARN_BOOL_CONVERSION = YES;
				CLANG_WARN_CONSTANT_CONVERSION = YES;
				CLANG_WARN_DIRECT_OBJC_ISA_USAGE = YES_ERROR;
				CLANG_WARN_EMPTY_BODY = YES;
				CLANG_WARN_ENUM_CONVERSION = YES;
				CLANG_WARN_INT_CONVERSION = YES;
				CLANG_WARN_OBJC_ROOT_CLASS = YES_ERROR;
				CLANG_WARN__DUPLICATE_METHOD_MATCH = YES;
				COPY_PHASE_STRIP = YES;
				DEBUG_INFORMATION_FORMAT = "dwarf-with-dsym";
				ENABLE_NS_ASSERTIONS = NO;
				GCC_C_LANGUAGE_STANDARD = gnu99;
				GCC_ENABLE_OBJC_EXCEPTIONS = YES;
				GCC_WARN_64_TO_32_BIT_CONVERSION = YES;
				GCC_WARN_ABOUT_RETURN_TYPE = YES_ERROR;
				GCC_WARN_UNDECLARED_SELECTOR = YES;
				GCC_WARN_UNINITIALIZED_AUTOS = YES_AGGRESSIVE;
				GCC_WARN_UNUSED_FUNCTION = YES;
				GCC_WARN_UNUSED_VARIABLE = YES;
				LIBRARY_SEARCH_PATHS = (
					/usr/local/lib,
					/usr/lib64/,
				);
				MACOSX_DEPLOYMENT_TARGET = 10.9;
				OTHER_CPLUSPLUSFLAGS = (
					"$(OTHER_CFLAGS)",
					"-I/usr/include",
				);
				OTHER_LDFLAGS = "";
				SDKROOT = macosx;
				VALID_ARCHS = x86_64;
			};
			name = Release;
		};
		8300D00419280D280088AAC1 /* Debug */ = {
			isa = XCBuildConfiguration;
			buildSettings = {
				LIBRARY_SEARCH_PATHS = (
					"$(inherited)",
					/usr/lib64,
				);
				PRODUCT_NAME = "$(TARGET_NAME)";
			};
			name = Debug;
		};
		8300D00519280D280088AAC1 /* Release */ = {
			isa = XCBuildConfiguration;
			buildSettings = {
				LIBRARY_SEARCH_PATHS = (
					"$(inherited)",
					/usr/lib64,
				);
				PRODUCT_NAME = "$(TARGET_NAME)";
			};
			name = Release;
		};
/* End XCBuildConfiguration section */

/* Begin XCConfigurationList section */
		8300CFF519280D280088AAC1 /* Build configuration list for PBXProject "amqp.poc" */ = {
			isa = XCConfigurationList;
			buildConfigurations = (
				8300D00119280D280088AAC1 /* Debug */,
				8300D00219280D280088AAC1 /* Release */,
			);
			defaultConfigurationIsVisible = 0;
			defaultConfigurationName = Release;
		};
		8300D00319280D280088AAC1 /* Build configuration list for PBXNativeTarget "amqp.poc" */ = {
			isa = XCConfigurationList;
			buildConfigurations = (
				8300D00419280D280088AAC1 /* Debug */,
				8300D00519280D280088AAC1 /* Release */,
			);
			defaultConfigurationIsVisible = 0;
			defaultConfigurationName = Release;
		};
/* End XCConfigurationList section */
	};
	rootObject = 8300CFF219280D280088AAC1 /* Project object */;
}
